<Solution>
  <Project Path="Composite/Composite.csproj" />
  <Project Path="Factory/Factory.csproj" />
  <Project Path="Adapter/Adapter.csproj" />
  <Project Path="Bridge/Bridge.csproj" />
  <Project Path="Builder/Builder.csproj" />
  <Project Path="Prototype/Prototype.csproj" />
  <Project Path="Singleton/Singleton.csproj" />
</Solution>
